
Microsoft Visual Studio Solution File, Format Version 12.00
# Visual Studio Version 17
VisualStudioVersion = 17.14.36221.1 d17.14
MinimumVisualStudioVersion = 10.0.40219.1
Project("{FAE04EC0-301F-11D3-BF4B-00C04F79EFBC}") = "wwrc_maui", "wwrc_maui.csproj", "{00D0CA78-A0F6-411D-B559-EFD4FFE2C2D6}"
EndProject
Global
	GlobalSection(SolutionConfigurationPlatforms) = preSolution
		Debug|Any CPU = Debug|Any CPU
		Release|Any CPU = Release|Any CPU
	EndGlobalSection
	GlobalSection(ProjectConfigurationPlatforms) = postSolution
		{00D0CA78-A0F6-411D-B559-EFD4FFE2C2D6}.Debug|Any CPU.ActiveCfg = Debug|Any CPU
		{00D0CA78-A0F6-411D-B559-EFD4FFE2C2D6}.Debug|Any CPU.Build.0 = Debug|Any CPU
		{00D0CA78-A0F6-411D-B559-EFD4FFE2C2D6}.Release|Any CPU.ActiveCfg = Release|Any CPU
		{00D0CA78-A0F6-411D-B559-EFD4FFE2C2D6}.Release|Any CPU.Build.0 = Release|Any CPU
	EndGlobalSection
	GlobalSection(SolutionProperties) = preSolution
		HideSolutionNode = FALSE
	EndGlobalSection
	GlobalSection(ExtensibilityGlobals) = postSolution
		SolutionGuid = {7D6F9ED4-CD36-44DF-8F91-DFFB1C2F4959}
	EndGlobalSection
EndGlobal
